
Microsoft Visual Studio Solution File, Format Version 12.00
Project("{FAE04EC0-301F-11D3-BF4B-00C04F79EFBC}") = "MultiCloudClientConsole", "MultiCloudClientConsole\MultiCloudClientConsole.csproj", "{C9410A6E-C26B-4394-8DDC-DC8A0950DA1F}"
EndProject
Project("{FAE04EC0-301F-11D3-BF4B-00C04F79EFBC}") = "MessageBrokerClient", "MessageBrokerClient\MessageBrokerClient.csproj", "{32F8921C-8058-4562-A4F1-7C57DE8D22E9}"
EndProject
Project("{FAE04EC0-301F-11D3-BF4B-00C04F79EFBC}") = "MessageBrokerClient.Tests", "MessageBrokerClient.Tests\MessageBrokerClient.Tests.csproj", "{F1BC8077-9941-4864-89D5-21B500A323B0}"
EndProject
Global
	GlobalSection(SolutionConfigurationPlatforms) = preSolution
		Debug|Any CPU = Debug|Any CPU
		Release|Any CPU = Release|Any CPU
	EndGlobalSection
	GlobalSection(ProjectConfigurationPlatforms) = postSolution
		{C9410A6E-C26B-4394-8DDC-DC8A0950DA1F}.Debug|Any CPU.ActiveCfg = Debug|Any CPU
		{C9410A6E-C26B-4394-8DDC-DC8A0950DA1F}.Debug|Any CPU.Build.0 = Debug|Any CPU
		{C9410A6E-C26B-4394-8DDC-DC8A0950DA1F}.Release|Any CPU.ActiveCfg = Release|Any CPU
		{C9410A6E-C26B-4394-8DDC-DC8A0950DA1F}.Release|Any CPU.Build.0 = Release|Any CPU
		{32F8921C-8058-4562-A4F1-7C57DE8D22E9}.Debug|Any CPU.ActiveCfg = Debug|Any CPU
		{32F8921C-8058-4562-A4F1-7C57DE8D22E9}.Debug|Any CPU.Build.0 = Debug|Any CPU
		{32F8921C-8058-4562-A4F1-7C57DE8D22E9}.Release|Any CPU.ActiveCfg = Release|Any CPU
		{32F8921C-8058-4562-A4F1-7C57DE8D22E9}.Release|Any CPU.Build.0 = Release|Any CPU
		{F1BC8077-9941-4864-89D5-21B500A323B0}.Debug|Any CPU.ActiveCfg = Debug|Any CPU
		{F1BC8077-9941-4864-89D5-21B500A323B0}.Debug|Any CPU.Build.0 = Debug|Any CPU
		{F1BC8077-9941-4864-89D5-21B500A323B0}.Release|Any CPU.ActiveCfg = Release|Any CPU
		{F1BC8077-9941-4864-89D5-21B500A323B0}.Release|Any CPU.Build.0 = Release|Any CPU
	EndGlobalSection
	GlobalSection(NestedProjects) = preSolution
	EndGlobalSection
EndGlobal
